
Microsoft Visual Studio Solution File, Format Version 12.00
# Visual Studio Version 17
VisualStudioVersion = 17.14.36518.9
MinimumVisualStudioVersion = 10.0.40219.1
Project("{2150E333-8FDC-42A3-9474-1A3956D46DE8}") = "Task0", "Task0", "{02EA681E-C7D8-13C7-8484-4AC65E1B71E8}"
EndProject
Project("{FAE04EC0-301F-11D3-BF4B-00C04F79EFBC}") = "Tyuiu.KoryakinaAE.Sprint4.Task0.V28", "Tyuiu.KoryakinaAE.Sprint4.Task0.V28\Tyuiu.KoryakinaAE.Sprint4.Task0.V28.csproj", "{5E090AA0-93B5-4F2B-9342-21E43A986BB7}"
EndProject
Project("{FAE04EC0-301F-11D3-BF4B-00C04F79EFBC}") = "Tyuiu.KoryakinaAE.Sprint4.Task0.V28.Lib", "Tyuiu.KoryakinaAE.Sprint4.Task0.V28.Lib\Tyuiu.KoryakinaAE.Sprint4.Task0.V28.Lib.csproj", "{D8D6D2DF-3336-47FE-BDAB-C34FE34B441F}"
EndProject
Project("{FAE04EC0-301F-11D3-BF4B-00C04F79EFBC}") = "Tyuiu.KoryakinaAE.Sprint4.Task0.V28.Test", "Tyuiu.KoryakinaAE.Sprint4.Task0.V28.Test\Tyuiu.KoryakinaAE.Sprint4.Task0.V28.Test.csproj", "{419C6445-1543-4763-80C0-50A86C70697A}"
EndProject
Project("{2150E333-8FDC-42A3-9474-1A3956D46DE8}") = "Task1", "Task1", "{93E4ACF4-82CA-4923-B1E2-D31BC5EB54C4}"
EndProject
Project("{FAE04EC0-301F-11D3-BF4B-00C04F79EFBC}") = "Tyuiu.KoryakinaAE.Sprint4.Task1.V19", "Tyuiu.KoryakinaAE.Sprint4.Task1.V19\Tyuiu.KoryakinaAE.Sprint4.Task1.V19.csproj", "{EF7F42AA-AB2A-42B1-8860-0EC1F845EA4F}"
EndProject
Project("{FAE04EC0-301F-11D3-BF4B-00C04F79EFBC}") = "Tyuiu.KoryakinaAE.Sprint4.Task1.V19.Lib", "Tyuiu.KoryakinaAE.Sprint4.Task1.V19.Lib\Tyuiu.KoryakinaAE.Sprint4.Task1.V19.Lib.csproj", "{4AC9515C-A6FA-491B-B4D4-22FEFCBCD66E}"
EndProject
Project("{FAE04EC0-301F-11D3-BF4B-00C04F79EFBC}") = "Tyuiu.KoryakinaAE.Sprint4.Task1.V19.Test", "Tyuiu.KoryakinaAE.Sprint4.Task1.V19.Test\Tyuiu.KoryakinaAE.Sprint4.Task1.V19.Test.csproj", "{A99B2C17-AE71-49F2-8768-E6C902C74FCA}"
EndProject
Project("{2150E333-8FDC-42A3-9474-1A3956D46DE8}") = "Task2", "Task2", "{81D213B0-783F-4A1A-9D8A-3CADD396D0B3}"
EndProject
Project("{FAE04EC0-301F-11D3-BF4B-00C04F79EFBC}") = "Tyuiu.KoryakinaAE.Sprint4.Task2.V19", "Tyuiu.KoryakinaAE.Sprint4.Task2.V19\Tyuiu.KoryakinaAE.Sprint4.Task2.V19.csproj", "{137649A2-6AB6-414A-A63F-347AC65A2ED6}"
EndProject
Project("{FAE04EC0-301F-11D3-BF4B-00C04F79EFBC}") = "Tyuiu.KoryakinaAE.Sprint4.Task2.V19.Lib", "Tyuiu.KoryakinaAE.Sprint4.Task2.V19.Lib\Tyuiu.KoryakinaAE.Sprint4.Task2.V19.Lib.csproj", "{F5D1A9E3-368A-4863-A53E-D91975259558}"
EndProject
Project("{FAE04EC0-301F-11D3-BF4B-00C04F79EFBC}") = "Tyuiu.KoryakinaAE.Sprint4.Task2.V19.Test", "Tyuiu.KoryakinaAE.Sprint4.Task2.V19.Test\Tyuiu.KoryakinaAE.Sprint4.Task2.V19.Test.csproj", "{DB4EB4D5-5DFA-4E95-B8EC-CA7D6E8B77C7}"
EndProject
Project("{2150E333-8FDC-42A3-9474-1A3956D46DE8}") = "Task3", "Task3", "{F972430D-0E3E-49A9-9916-6CCB8FFF5B3D}"
EndProject
Project("{FAE04EC0-301F-11D3-BF4B-00C04F79EFBC}") = "Tyuiu.KoryakinaAE.Sprint4.Task3.V28", "Tyuiu.KoryakinaAE.Sprint4.Task3.V28\Tyuiu.KoryakinaAE.Sprint4.Task3.V28.csproj", "{3F6A8C50-D3CC-4A73-83FA-8BA4415F5B73}"
EndProject
Project("{FAE04EC0-301F-11D3-BF4B-00C04F79EFBC}") = "Tyuiu.KoryakinaAE.Sprint4.Task3.V28.Lib", "Tyuiu.KoryakinaAE.Sprint4.Task3.V28.Lib\Tyuiu.KoryakinaAE.Sprint4.Task3.V28.Lib.csproj", "{24289F51-F126-4800-A376-AA7C1BF0618C}"
EndProject
Project("{FAE04EC0-301F-11D3-BF4B-00C04F79EFBC}") = "Tyuiu.KoryakinaAE.Sprint4.Task3.V28.Test", "Tyuiu.KoryakinaAE.Sprint4.Task3.V28.Test\Tyuiu.KoryakinaAE.Sprint4.Task3.V28.Test.csproj", "{2319B301-BEC5-4619-901C-42796B85B095}"
EndProject
Project("{2150E333-8FDC-42A3-9474-1A3956D46DE8}") = "Task4", "Task4", "{ACD12823-7A5D-4ED2-86A5-0A8EB494F6C7}"
EndProject
Project("{FAE04EC0-301F-11D3-BF4B-00C04F79EFBC}") = "Tyuiu.KoryakinaAE.Sprint4.Task4.V14", "Tyuiu.KoryakinaAE.Sprint4.Task4.V14\Tyuiu.KoryakinaAE.Sprint4.Task4.V14.csproj", "{3262DE3F-EAD5-4507-8938-48C2635D5CCF}"
EndProject
Project("{FAE04EC0-301F-11D3-BF4B-00C04F79EFBC}") = "Tyuiu.KoryakinaAE.Sprint4.Task4.V14.Test", "Tyuiu.KoryakinaAE.Sprint4.Task4.V14.Test\Tyuiu.KoryakinaAE.Sprint4.Task4.V14.Test.csproj", "{402C8CFF-06EE-4FF5-91E2-CB0388402ADF}"
EndProject
Project("{FAE04EC0-301F-11D3-BF4B-00C04F79EFBC}") = "Tyuiu.KoryakinaAE.Sprint4.Task4.V14.Lib", "Tyuiu.KoryakinaAE.Sprint4.Task4.V14.Lib\Tyuiu.KoryakinaAE.Sprint4.Task4.V14.Lib.csproj", "{C99AD5AC-08DA-4DE9-99B1-95E53D085B02}"
EndProject
Project("{2150E333-8FDC-42A3-9474-1A3956D46DE8}") = "Task5", "Task5", "{17F53AAA-9594-4E49-845B-04E83478DD7A}"
EndProject
Project("{FAE04EC0-301F-11D3-BF4B-00C04F79EFBC}") = "Tyuiu.KoryakinaAE.Sprint4.Task5.V24", "Tyuiu.KoryakinaAE.Sprint4.Task5.V24\Tyuiu.KoryakinaAE.Sprint4.Task5.V24.csproj", "{C60E493D-0502-4ABA-AAB3-F8230FDCBA6B}"
EndProject
Project("{FAE04EC0-301F-11D3-BF4B-00C04F79EFBC}") = "Tyuiu.KoryakinaAE.Sprint4.Task5.V24.Lib", "Tyuiu.KoryakinaAE.Sprint4.Task5.V24.Lib\Tyuiu.KoryakinaAE.Sprint4.Task5.V24.Lib.csproj", "{FCE3DA33-CC42-4268-953F-E3F79DE0DCE5}"
EndProject
Project("{FAE04EC0-301F-11D3-BF4B-00C04F79EFBC}") = "Tyuiu.KoryakinaAE.Sprint4.Task5.V24.Test", "Tyuiu.KoryakinaAE.Sprint4.Task5.V24.Test\Tyuiu.KoryakinaAE.Sprint4.Task5.V24.Test.csproj", "{E353DA83-8E62-4805-82E5-CC03C59EB217}"
EndProject
Global
	GlobalSection(SolutionConfigurationPlatforms) = preSolution
		Debug|Any CPU = Debug|Any CPU
		Release|Any CPU = Release|Any CPU
	EndGlobalSection
	GlobalSection(ProjectConfigurationPlatforms) = postSolution
		{5E090AA0-93B5-4F2B-9342-21E43A986BB7}.Debug|Any CPU.ActiveCfg = Debug|Any CPU
		{5E090AA0-93B5-4F2B-9342-21E43A986BB7}.Debug|Any CPU.Build.0 = Debug|Any CPU
		{5E090AA0-93B5-4F2B-9342-21E43A986BB7}.Release|Any CPU.ActiveCfg = Release|Any CPU
		{5E090AA0-93B5-4F2B-9342-21E43A986BB7}.Release|Any CPU.Build.0 = Release|Any CPU
		{D8D6D2DF-3336-47FE-BDAB-C34FE34B441F}.Debug|Any CPU.ActiveCfg = Debug|Any CPU
		{D8D6D2DF-3336-47FE-BDAB-C34FE34B441F}.Debug|Any CPU.Build.0 = Debug|Any CPU
		{D8D6D2DF-3336-47FE-BDAB-C34FE34B441F}.Release|Any CPU.ActiveCfg = Release|Any CPU
		{D8D6D2DF-3336-47FE-BDAB-C34FE34B441F}.Release|Any CPU.Build.0 = Release|Any CPU
		{419C6445-1543-4763-80C0-50A86C70697A}.Debug|Any CPU.ActiveCfg = Debug|Any CPU
		{419C6445-1543-4763-80C0-50A86C70697A}.Debug|Any CPU.Build.0 = Debug|Any CPU
		{419C6445-1543-4763-80C0-50A86C70697A}.Release|Any CPU.ActiveCfg = Release|Any CPU
		{419C6445-1543-4763-80C0-50A86C70697A}.Release|Any CPU.Build.0 = Release|Any CPU
		{EF7F42AA-AB2A-42B1-8860-0EC1F845EA4F}.Debug|Any CPU.ActiveCfg = Debug|Any CPU
		{EF7F42AA-AB2A-42B1-8860-0EC1F845EA4F}.Debug|Any CPU.Build.0 = Debug|Any CPU
		{EF7F42AA-AB2A-42B1-8860-0EC1F845EA4F}.Release|Any CPU.ActiveCfg = Release|Any CPU
		{EF7F42AA-AB2A-42B1-8860-0EC1F845EA4F}.Release|Any CPU.Build.0 = Release|Any CPU
		{4AC9515C-A6FA-491B-B4D4-22FEFCBCD66E}.Debug|Any CPU.ActiveCfg = Debug|Any CPU
		{4AC9515C-A6FA-491B-B4D4-22FEFCBCD66E}.Debug|Any CPU.Build.0 = Debug|Any CPU
		{4AC9515C-A6FA-491B-B4D4-22FEFCBCD66E}.Release|Any CPU.ActiveCfg = Release|Any CPU
		{4AC9515C-A6FA-491B-B4D4-22FEFCBCD66E}.Release|Any CPU.Build.0 = Release|Any CPU
		{A99B2C17-AE71-49F2-8768-E6C902C74FCA}.Debug|Any CPU.ActiveCfg = Debug|Any CPU
		{A99B2C17-AE71-49F2-8768-E6C902C74FCA}.Debug|Any CPU.Build.0 = Debug|Any CPU
		{A99B2C17-AE71-49F2-8768-E6C902C74FCA}.Release|Any CPU.ActiveCfg = Release|Any CPU
		{A99B2C17-AE71-49F2-8768-E6C902C74FCA}.Release|Any CPU.Build.0 = Release|Any CPU
		{137649A2-6AB6-414A-A63F-347AC65A2ED6}.Debug|Any CPU.ActiveCfg = Debug|Any CPU
		{137649A2-6AB6-414A-A63F-347AC65A2ED6}.Debug|Any CPU.Build.0 = Debug|Any CPU
		{137649A2-6AB6-414A-A63F-347AC65A2ED6}.Release|Any CPU.ActiveCfg = Release|Any CPU
		{137649A2-6AB6-414A-A63F-347AC65A2ED6}.Release|Any CPU.Build.0 = Release|Any CPU
		{F5D1A9E3-368A-4863-A53E-D91975259558}.Debug|Any CPU.ActiveCfg = Debug|Any CPU
		{F5D1A9E3-368A-4863-A53E-D91975259558}.Debug|Any CPU.Build.0 = Debug|Any CPU
		{F5D1A9E3-368A-4863-A53E-D91975259558}.Release|Any CPU.ActiveCfg = Release|Any CPU
		{F5D1A9E3-368A-4863-A53E-D91975259558}.Release|Any CPU.Build.0 = Release|Any CPU
		{DB4EB4D5-5DFA-4E95-B8EC-CA7D6E8B77C7}.Debug|Any CPU.ActiveCfg = Debug|Any CPU
		{DB4EB4D5-5DFA-4E95-B8EC-CA7D6E8B77C7}.Debug|Any CPU.Build.0 = Debug|Any CPU
		{DB4EB4D5-5DFA-4E95-B8EC-CA7D6E8B77C7}.Release|Any CPU.ActiveCfg = Release|Any CPU
		{DB4EB4D5-5DFA-4E95-B8EC-CA7D6E8B77C7}.Release|Any CPU.Build.0 = Release|Any CPU
		{3F6A8C50-D3CC-4A73-83FA-8BA4415F5B73}.Debug|Any CPU.ActiveCfg = Debug|Any CPU
		{3F6A8C50-D3CC-4A73-83FA-8BA4415F5B73}.Debug|Any CPU.Build.0 = Debug|Any CPU
		{3F6A8C50-D3CC-4A73-83FA-8BA4415F5B73}.Release|Any CPU.ActiveCfg = Release|Any CPU
		{3F6A8C50-D3CC-4A73-83FA-8BA4415F5B73}.Release|Any CPU.Build.0 = Release|Any CPU
		{24289F51-F126-4800-A376-AA7C1BF0618C}.Debug|Any CPU.ActiveCfg = Debug|Any CPU
		{24289F51-F126-4800-A376-AA7C1BF0618C}.Debug|Any CPU.Build.0 = Debug|Any CPU
		{24289F51-F126-4800-A376-AA7C1BF0618C}.Release|Any CPU.ActiveCfg = Release|Any CPU
		{24289F51-F126-4800-A376-AA7C1BF0618C}.Release|Any CPU.Build.0 = Release|Any CPU
		{2319B301-BEC5-4619-901C-42796B85B095}.Debug|Any CPU.ActiveCfg = Debug|Any CPU
		{2319B301-BEC5-4619-901C-42796B85B095}.Debug|Any CPU.Build.0 = Debug|Any CPU
		{2319B301-BEC5-4619-901C-42796B85B095}.Release|Any CPU.ActiveCfg = Release|Any CPU
		{2319B301-BEC5-4619-901C-42796B85B095}.Release|Any CPU.Build.0 = Release|Any CPU
		{3262DE3F-EAD5-4507-8938-48C2635D5CCF}.Debug|Any CPU.ActiveCfg = Debug|Any CPU
		{3262DE3F-EAD5-4507-8938-48C2635D5CCF}.Debug|Any CPU.Build.0 = Debug|Any CPU
		{3262DE3F-EAD5-4507-8938-48C2635D5CCF}.Release|Any CPU.ActiveCfg = Release|Any CPU
		{3262DE3F-EAD5-4507-8938-48C2635D5CCF}.Release|Any CPU.Build.0 = Release|Any CPU
		{402C8CFF-06EE-4FF5-91E2-CB0388402ADF}.Debug|Any CPU.ActiveCfg = Debug|Any CPU
		{402C8CFF-06EE-4FF5-91E2-CB0388402ADF}.Debug|Any CPU.Build.0 = Debug|Any CPU
		{402C8CFF-06EE-4FF5-91E2-CB0388402ADF}.Release|Any CPU.ActiveCfg = Release|Any CPU
		{402C8CFF-06EE-4FF5-91E2-CB0388402ADF}.Release|Any CPU.Build.0 = Release|Any CPU
		{C99AD5AC-08DA-4DE9-99B1-95E53D085B02}.Debug|Any CPU.ActiveCfg = Debug|Any CPU
		{C99AD5AC-08DA-4DE9-99B1-95E53D085B02}.Debug|Any CPU.Build.0 = Debug|Any CPU
		{C99AD5AC-08DA-4DE9-99B1-95E53D085B02}.Release|Any CPU.ActiveCfg = Release|Any CPU
		{C99AD5AC-08DA-4DE9-99B1-95E53D085B02}.Release|Any CPU.Build.0 = Release|Any CPU
		{C60E493D-0502-4ABA-AAB3-F8230FDCBA6B}.Debug|Any CPU.ActiveCfg = Debug|Any CPU
		{C60E493D-0502-4ABA-AAB3-F8230FDCBA6B}.Debug|Any CPU.Build.0 = Debug|Any CPU
		{C60E493D-0502-4ABA-AAB3-F8230FDCBA6B}.Release|Any CPU.ActiveCfg = Release|Any CPU
		{C60E493D-0502-4ABA-AAB3-F8230FDCBA6B}.Release|Any CPU.Build.0 = Release|Any CPU
		{FCE3DA33-CC42-4268-953F-E3F79DE0DCE5}.Debug|Any CPU.ActiveCfg = Debug|Any CPU
		{FCE3DA33-CC42-4268-953F-E3F79DE0DCE5}.Debug|Any CPU.Build.0 = Debug|Any CPU
		{FCE3DA33-CC42-4268-953F-E3F79DE0DCE5}.Release|Any CPU.ActiveCfg = Release|Any CPU
		{FCE3DA33-CC42-4268-953F-E3F79DE0DCE5}.Release|Any CPU.Build.0 = Release|Any CPU
		{E353DA83-8E62-4805-82E5-CC03C59EB217}.Debug|Any CPU.ActiveCfg = Debug|Any CPU
		{E353DA83-8E62-4805-82E5-CC03C59EB217}.Debug|Any CPU.Build.0 = Debug|Any CPU
		{E353DA83-8E62-4805-82E5-CC03C59EB217}.Release|Any CPU.ActiveCfg = Release|Any CPU
		{E353DA83-8E62-4805-82E5-CC03C59EB217}.Release|Any CPU.Build.0 = Release|Any CPU
	EndGlobalSection
	GlobalSection(SolutionProperties) = preSolution
		HideSolutionNode = FALSE
	EndGlobalSection
	GlobalSection(NestedProjects) = preSolution
		{5E090AA0-93B5-4F2B-9342-21E43A986BB7} = {02EA681E-C7D8-13C7-8484-4AC65E1B71E8}
		{D8D6D2DF-3336-47FE-BDAB-C34FE34B441F} = {02EA681E-C7D8-13C7-8484-4AC65E1B71E8}
		{419C6445-1543-4763-80C0-50A86C70697A} = {02EA681E-C7D8-13C7-8484-4AC65E1B71E8}
		{EF7F42AA-AB2A-42B1-8860-0EC1F845EA4F} = {93E4ACF4-82CA-4923-B1E2-D31BC5EB54C4}
		{4AC9515C-A6FA-491B-B4D4-22FEFCBCD66E} = {93E4ACF4-82CA-4923-B1E2-D31BC5EB54C4}
		{A99B2C17-AE71-49F2-8768-E6C902C74FCA} = {93E4ACF4-82CA-4923-B1E2-D31BC5EB54C4}
		{137649A2-6AB6-414A-A63F-347AC65A2ED6} = {81D213B0-783F-4A1A-9D8A-3CADD396D0B3}
		{F5D1A9E3-368A-4863-A53E-D91975259558} = {81D213B0-783F-4A1A-9D8A-3CADD396D0B3}
		{DB4EB4D5-5DFA-4E95-B8EC-CA7D6E8B77C7} = {81D213B0-783F-4A1A-9D8A-3CADD396D0B3}
		{3F6A8C50-D3CC-4A73-83FA-8BA4415F5B73} = {F972430D-0E3E-49A9-9916-6CCB8FFF5B3D}
		{24289F51-F126-4800-A376-AA7C1BF0618C} = {F972430D-0E3E-49A9-9916-6CCB8FFF5B3D}
		{2319B301-BEC5-4619-901C-42796B85B095} = {F972430D-0E3E-49A9-9916-6CCB8FFF5B3D}
		{3262DE3F-EAD5-4507-8938-48C2635D5CCF} = {ACD12823-7A5D-4ED2-86A5-0A8EB494F6C7}
		{402C8CFF-06EE-4FF5-91E2-CB0388402ADF} = {ACD12823-7A5D-4ED2-86A5-0A8EB494F6C7}
		{C99AD5AC-08DA-4DE9-99B1-95E53D085B02} = {ACD12823-7A5D-4ED2-86A5-0A8EB494F6C7}
		{C60E493D-0502-4ABA-AAB3-F8230FDCBA6B} = {17F53AAA-9594-4E49-845B-04E83478DD7A}
		{FCE3DA33-CC42-4268-953F-E3F79DE0DCE5} = {17F53AAA-9594-4E49-845B-04E83478DD7A}
		{E353DA83-8E62-4805-82E5-CC03C59EB217} = {17F53AAA-9594-4E49-845B-04E83478DD7A}
	EndGlobalSection
	GlobalSection(ExtensibilityGlobals) = postSolution
		SolutionGuid = {7CEB2F66-FC38-4599-B97E-F2F26C2C2886}
	EndGlobalSection
EndGlobal
